
Microsoft Visual Studio Solution File, Format Version 12.00
# Visual Studio Version 16
VisualStudioVersion = 16.0.31515.178
MinimumVisualStudioVersion = 10.0.40219.1
Project("{FAE04EC0-301F-11D3-BF4B-00C04F79EFBC}") = "Exercise01", "Exercise01\Exercise01.csproj", "{395286B9-F748-4E35-B1ED-EFBB444F2B84}"
EndProject
Global
	GlobalSection(SolutionConfigurationPlatforms) = preSolution
		Debug|Any CPU = Debug|Any CPU
		Release|Any CPU = Release|Any CPU
	EndGlobalSection
	GlobalSection(ProjectConfigurationPlatforms) = postSolution
		{395286B9-F748-4E35-B1ED-EFBB444F2B84}.Debug|Any CPU.ActiveCfg = Debug|Any CPU
		{395286B9-F748-4E35-B1ED-EFBB444F2B84}.Debug|Any CPU.Build.0 = Debug|Any CPU
		{395286B9-F748-4E35-B1ED-EFBB444F2B84}.Release|Any CPU.ActiveCfg = Release|Any CPU
		{395286B9-F748-4E35-B1ED-EFBB444F2B84}.Release|Any CPU.Build.0 = Release|Any CPU
	EndGlobalSection
	GlobalSection(SolutionProperties) = preSolution
		HideSolutionNode = FALSE
	EndGlobalSection
	GlobalSection(ExtensibilityGlobals) = postSolution
		SolutionGuid = {476CB332-9749-4880-9831-B8F8139CE3A1}
	EndGlobalSection
EndGlobal
